
Microsoft Visual Studio Solution File, Format Version 12.00
# Visual Studio 2013
VisualStudioVersion = 12.0.30324.0
MinimumVisualStudioVersion = 10.0.40219.1
Project("{FAE04EC0-301F-11D3-BF4B-00C04F79EFBC}") = "Enterprisecoding.RPI.GPIO", "Enterprisecoding.RPI.GPIO\Enterprisecoding.RPI.GPIO.csproj", "{44259DAC-CACB-4023-9C15-766855FBFD56}"
EndProject
Project("{FAE04EC0-301F-11D3-BF4B-00C04F79EFBC}") = "Enterprisecoding.RPI.GPIO.Test", "Enterprisecoding.RPI.GPIO.Test\Enterprisecoding.RPI.GPIO.Test.csproj", "{88A07C0D-EE9F-43B0-9B0C-8FA9F3CC9574}"
EndProject
Project("{2150E333-8FDC-42A3-9474-1A3956D46DE8}") = "Solution Items", "Solution Items", "{AD7E9699-D060-4DF7-BE26-6F3BC7F96A38}"
	ProjectSection(SolutionItems) = preProject
		LICENSE.md = LICENSE.md
		README.md = README.md
	EndProjectSection
EndProject
Project("{FAE04EC0-301F-11D3-BF4B-00C04F79EFBC}") = "Enterprisecoding.RPI.GPIO.LedTest", "Enterprisecoding.RPI.GPIO.LedTest\Enterprisecoding.RPI.GPIO.LedTest.csproj", "{B64A39A9-629E-43E2-BBCA-80A2696DBD38}"
EndProject
Global
	GlobalSection(SolutionConfigurationPlatforms) = preSolution
		Debug|Any CPU = Debug|Any CPU
		Release|Any CPU = Release|Any CPU
	EndGlobalSection
	GlobalSection(ProjectConfigurationPlatforms) = postSolution
		{44259DAC-CACB-4023-9C15-766855FBFD56}.Debug|Any CPU.ActiveCfg = Debug|Any CPU
		{44259DAC-CACB-4023-9C15-766855FBFD56}.Debug|Any CPU.Build.0 = Debug|Any CPU
		{44259DAC-CACB-4023-9C15-766855FBFD56}.Release|Any CPU.ActiveCfg = Release|Any CPU
		{44259DAC-CACB-4023-9C15-766855FBFD56}.Release|Any CPU.Build.0 = Release|Any CPU
		{88A07C0D-EE9F-43B0-9B0C-8FA9F3CC9574}.Debug|Any CPU.ActiveCfg = Debug|Any CPU
		{88A07C0D-EE9F-43B0-9B0C-8FA9F3CC9574}.Debug|Any CPU.Build.0 = Debug|Any CPU
		{88A07C0D-EE9F-43B0-9B0C-8FA9F3CC9574}.Release|Any CPU.ActiveCfg = Release|Any CPU
		{88A07C0D-EE9F-43B0-9B0C-8FA9F3CC9574}.Release|Any CPU.Build.0 = Release|Any CPU
		{B64A39A9-629E-43E2-BBCA-80A2696DBD38}.Debug|Any CPU.ActiveCfg = Debug|Any CPU
		{B64A39A9-629E-43E2-BBCA-80A2696DBD38}.Debug|Any CPU.Build.0 = Debug|Any CPU
		{B64A39A9-629E-43E2-BBCA-80A2696DBD38}.Release|Any CPU.ActiveCfg = Release|Any CPU
		{B64A39A9-629E-43E2-BBCA-80A2696DBD38}.Release|Any CPU.Build.0 = Release|Any CPU
	EndGlobalSection
	GlobalSection(SolutionProperties) = preSolution
		HideSolutionNode = FALSE
	EndGlobalSection
EndGlobal
